
Microsoft Visual Studio Solution File, Format Version 12.00
# Visual Studio Version 17
VisualStudioVersion = 17.0.31903.59
MinimumVisualStudioVersion = 10.0.40219.1
Project("{2150E333-8FDC-42A3-9474-1A3956D46DE8}") = "src", "src", "{827E0CD3-B72D-47B6-A68D-7590B98EB39B}"
EndProject
Project("{2150E333-8FDC-42A3-9474-1A3956D46DE8}") = "ApiGateway", "ApiGateway", "{FCA01246-F2C6-0AA7-D43F-FD13BE0B9D88}"
EndProject
Project("{FAE04EC0-301F-11D3-BF4B-00C04F79EFBC}") = "Gateway.Api", "src\ApiGateway\Gateway.Api\Gateway.Api.csproj", "{C2C235BD-76EB-404F-B58A-73FEEC74E936}"
EndProject
Project("{2150E333-8FDC-42A3-9474-1A3956D46DE8}") = "Core", "Core", "{8D626EA8-CB54-BC41-363A-217881BEBA6E}"
EndProject
Project("{FAE04EC0-301F-11D3-BF4B-00C04F79EFBC}") = "EmployeeService.Domain", "src\Core\EmployeeService.Domain\EmployeeService.Domain.csproj", "{FC32C5FF-844A-4F20-BFA9-8E3AF26B2016}"
EndProject
Project("{FAE04EC0-301F-11D3-BF4B-00C04F79EFBC}") = "EmployeeService.Application", "src\Core\EmployeeService.Application\EmployeeService.Application.csproj", "{76695FDB-F102-44F9-B68E-FD01F48B6E1E}"
EndProject
Project("{2150E333-8FDC-42A3-9474-1A3956D46DE8}") = "Infrastructure", "Infrastructure", "{9048EB7F-3875-A59E-E36B-5BD4C6F2A282}"
EndProject
Project("{FAE04EC0-301F-11D3-BF4B-00C04F79EFBC}") = "EmployeeService.Infrastructure", "src\Infrastructure\EmployeeService.Infrastructure\EmployeeService.Infrastructure.csproj", "{58135963-B44A-4A47-BF12-122BC62BE37D}"
EndProject
Project("{2150E333-8FDC-42A3-9474-1A3956D46DE8}") = "Presentation", "Presentation", "{6996BBF7-DB31-59BC-C7DD-9A7CCC6138C4}"
EndProject
Project("{FAE04EC0-301F-11D3-BF4B-00C04F79EFBC}") = "EmployeeService.Api", "src\Presentation\EmployeeService.Api\EmployeeService.Api.csproj", "{12768DEC-913E-44A7-B40B-E94A9E42AD4A}"
EndProject
Project("{2150E333-8FDC-42A3-9474-1A3956D46DE8}") = "BuildingBlocks", "BuildingBlocks", "{90298CBA-BD6F-3A0A-69D5-97CAD7B05E7E}"
EndProject
Project("{FAE04EC0-301F-11D3-BF4B-00C04F79EFBC}") = "BuildingBlocks.Extensions", "src\BuildingBlocks\BuildingBlocks.Extensions\BuildingBlocks.Extensions.csproj", "{942B2DC8-07A8-4E60-82BB-447026B8F17B}"
EndProject
Project("{FAE04EC0-301F-11D3-BF4B-00C04F79EFBC}") = "BuildingBlocks.Domain", "src\BuildingBlocks\BuildingBlocks.Domain\BuildingBlocks.Domain.csproj", "{7EE69F87-1437-4400-9307-A8B024FB3342}"
EndProject
Project("{FAE04EC0-301F-11D3-BF4B-00C04F79EFBC}") = "BuildingBlocks.Application", "src\BuildingBlocks\BuildingBlocks.Application\BuildingBlocks.Application.csproj", "{448D2E8E-4BD2-42A3-834C-3EEF5069F7C4}"
EndProject
Project("{FAE04EC0-301F-11D3-BF4B-00C04F79EFBC}") = "BuildingBlocks.Infrastructure", "src\BuildingBlocks\BuildingBlocks.Infrastructure\BuildingBlocks.Infrastructure.csproj", "{4834E2DE-A4D7-40C0-A724-409D476150AD}"
EndProject
Project("{FAE04EC0-301F-11D3-BF4B-00C04F79EFBC}") = "BuildingBlocks.Presentation", "src\BuildingBlocks\BuildingBlocks.Presentation\BuildingBlocks.Presentation.csproj", "{5DEC64F9-EFC4-4F53-88BA-079AFC1B12EF}"
EndProject
Project("{FAE04EC0-301F-11D3-BF4B-00C04F79EFBC}") = "AuthService.Domain", "src\Core\AuthService.Domain\AuthService.Domain.csproj", "{4DF49678-69B1-45F1-8890-3502AFA9D8E6}"
EndProject
Project("{FAE04EC0-301F-11D3-BF4B-00C04F79EFBC}") = "AuthService.Application", "src\Core\AuthService.Application\AuthService.Application.csproj", "{815D881A-6D70-4C1C-B6FA-AAA37BCA2ABE}"
EndProject
Project("{FAE04EC0-301F-11D3-BF4B-00C04F79EFBC}") = "AuthService.Infrastructure", "src\Infrastructure\AuthService.Infrastructure\AuthService.Infrastructure.csproj", "{31838CF7-532A-4897-B151-1D46115941A2}"
EndProject
Project("{FAE04EC0-301F-11D3-BF4B-00C04F79EFBC}") = "AuthService.Api", "src\Presentation\AuthService.Api\AuthService.Api.csproj", "{BB36D7CB-3BB0-4624-98F4-DF03A15541A1}"
EndProject
Global
	GlobalSection(SolutionConfigurationPlatforms) = preSolution
		Debug|Any CPU = Debug|Any CPU
		Debug|x64 = Debug|x64
		Debug|x86 = Debug|x86
		Release|Any CPU = Release|Any CPU
		Release|x64 = Release|x64
		Release|x86 = Release|x86
	EndGlobalSection
	GlobalSection(ProjectConfigurationPlatforms) = postSolution
		{C2C235BD-76EB-404F-B58A-73FEEC74E936}.Debug|Any CPU.ActiveCfg = Debug|Any CPU
		{C2C235BD-76EB-404F-B58A-73FEEC74E936}.Debug|Any CPU.Build.0 = Debug|Any CPU
		{C2C235BD-76EB-404F-B58A-73FEEC74E936}.Debug|x64.ActiveCfg = Debug|Any CPU
		{C2C235BD-76EB-404F-B58A-73FEEC74E936}.Debug|x64.Build.0 = Debug|Any CPU
		{C2C235BD-76EB-404F-B58A-73FEEC74E936}.Debug|x86.ActiveCfg = Debug|Any CPU
		{C2C235BD-76EB-404F-B58A-73FEEC74E936}.Debug|x86.Build.0 = Debug|Any CPU
		{C2C235BD-76EB-404F-B58A-73FEEC74E936}.Release|Any CPU.ActiveCfg = Release|Any CPU
		{C2C235BD-76EB-404F-B58A-73FEEC74E936}.Release|Any CPU.Build.0 = Release|Any CPU
		{C2C235BD-76EB-404F-B58A-73FEEC74E936}.Release|x64.ActiveCfg = Release|Any CPU
		{C2C235BD-76EB-404F-B58A-73FEEC74E936}.Release|x64.Build.0 = Release|Any CPU
		{C2C235BD-76EB-404F-B58A-73FEEC74E936}.Release|x86.ActiveCfg = Release|Any CPU
		{C2C235BD-76EB-404F-B58A-73FEEC74E936}.Release|x86.Build.0 = Release|Any CPU
		{FC32C5FF-844A-4F20-BFA9-8E3AF26B2016}.Debug|Any CPU.ActiveCfg = Debug|Any CPU
		{FC32C5FF-844A-4F20-BFA9-8E3AF26B2016}.Debug|Any CPU.Build.0 = Debug|Any CPU
		{FC32C5FF-844A-4F20-BFA9-8E3AF26B2016}.Debug|x64.ActiveCfg = Debug|Any CPU
		{FC32C5FF-844A-4F20-BFA9-8E3AF26B2016}.Debug|x64.Build.0 = Debug|Any CPU
		{FC32C5FF-844A-4F20-BFA9-8E3AF26B2016}.Debug|x86.ActiveCfg = Debug|Any CPU
		{FC32C5FF-844A-4F20-BFA9-8E3AF26B2016}.Debug|x86.Build.0 = Debug|Any CPU
		{FC32C5FF-844A-4F20-BFA9-8E3AF26B2016}.Release|Any CPU.ActiveCfg = Release|Any CPU
		{FC32C5FF-844A-4F20-BFA9-8E3AF26B2016}.Release|Any CPU.Build.0 = Release|Any CPU
		{FC32C5FF-844A-4F20-BFA9-8E3AF26B2016}.Release|x64.ActiveCfg = Release|Any CPU
		{FC32C5FF-844A-4F20-BFA9-8E3AF26B2016}.Release|x64.Build.0 = Release|Any CPU
		{FC32C5FF-844A-4F20-BFA9-8E3AF26B2016}.Release|x86.ActiveCfg = Release|Any CPU
		{FC32C5FF-844A-4F20-BFA9-8E3AF26B2016}.Release|x86.Build.0 = Release|Any CPU
		{76695FDB-F102-44F9-B68E-FD01F48B6E1E}.Debug|Any CPU.ActiveCfg = Debug|Any CPU
		{76695FDB-F102-44F9-B68E-FD01F48B6E1E}.Debug|Any CPU.Build.0 = Debug|Any CPU
		{76695FDB-F102-44F9-B68E-FD01F48B6E1E}.Debug|x64.ActiveCfg = Debug|Any CPU
		{76695FDB-F102-44F9-B68E-FD01F48B6E1E}.Debug|x64.Build.0 = Debug|Any CPU
		{76695FDB-F102-44F9-B68E-FD01F48B6E1E}.Debug|x86.ActiveCfg = Debug|Any CPU
		{76695FDB-F102-44F9-B68E-FD01F48B6E1E}.Debug|x86.Build.0 = Debug|Any CPU
		{76695FDB-F102-44F9-B68E-FD01F48B6E1E}.Release|Any CPU.ActiveCfg = Release|Any CPU
		{76695FDB-F102-44F9-B68E-FD01F48B6E1E}.Release|Any CPU.Build.0 = Release|Any CPU
		{76695FDB-F102-44F9-B68E-FD01F48B6E1E}.Release|x64.ActiveCfg = Release|Any CPU
		{76695FDB-F102-44F9-B68E-FD01F48B6E1E}.Release|x64.Build.0 = Release|Any CPU
		{76695FDB-F102-44F9-B68E-FD01F48B6E1E}.Release|x86.ActiveCfg = Release|Any CPU
		{76695FDB-F102-44F9-B68E-FD01F48B6E1E}.Release|x86.Build.0 = Release|Any CPU
		{58135963-B44A-4A47-BF12-122BC62BE37D}.Debug|Any CPU.ActiveCfg = Debug|Any CPU
		{58135963-B44A-4A47-BF12-122BC62BE37D}.Debug|Any CPU.Build.0 = Debug|Any CPU
		{58135963-B44A-4A47-BF12-122BC62BE37D}.Debug|x64.ActiveCfg = Debug|Any CPU
		{58135963-B44A-4A47-BF12-122BC62BE37D}.Debug|x64.Build.0 = Debug|Any CPU
		{58135963-B44A-4A47-BF12-122BC62BE37D}.Debug|x86.ActiveCfg = Debug|Any CPU
		{58135963-B44A-4A47-BF12-122BC62BE37D}.Debug|x86.Build.0 = Debug|Any CPU
		{58135963-B44A-4A47-BF12-122BC62BE37D}.Release|Any CPU.ActiveCfg = Release|Any CPU
		{58135963-B44A-4A47-BF12-122BC62BE37D}.Release|Any CPU.Build.0 = Release|Any CPU
		{58135963-B44A-4A47-BF12-122BC62BE37D}.Release|x64.ActiveCfg = Release|Any CPU
		{58135963-B44A-4A47-BF12-122BC62BE37D}.Release|x64.Build.0 = Release|Any CPU
		{58135963-B44A-4A47-BF12-122BC62BE37D}.Release|x86.ActiveCfg = Release|Any CPU
		{58135963-B44A-4A47-BF12-122BC62BE37D}.Release|x86.Build.0 = Release|Any CPU
		{12768DEC-913E-44A7-B40B-E94A9E42AD4A}.Debug|Any CPU.ActiveCfg = Debug|Any CPU
		{12768DEC-913E-44A7-B40B-E94A9E42AD4A}.Debug|Any CPU.Build.0 = Debug|Any CPU
		{12768DEC-913E-44A7-B40B-E94A9E42AD4A}.Debug|x64.ActiveCfg = Debug|Any CPU
		{12768DEC-913E-44A7-B40B-E94A9E42AD4A}.Debug|x64.Build.0 = Debug|Any CPU
		{12768DEC-913E-44A7-B40B-E94A9E42AD4A}.Debug|x86.ActiveCfg = Debug|Any CPU
		{12768DEC-913E-44A7-B40B-E94A9E42AD4A}.Debug|x86.Build.0 = Debug|Any CPU
		{12768DEC-913E-44A7-B40B-E94A9E42AD4A}.Release|Any CPU.ActiveCfg = Release|Any CPU
		{12768DEC-913E-44A7-B40B-E94A9E42AD4A}.Release|Any CPU.Build.0 = Release|Any CPU
		{12768DEC-913E-44A7-B40B-E94A9E42AD4A}.Release|x64.ActiveCfg = Release|Any CPU
		{12768DEC-913E-44A7-B40B-E94A9E42AD4A}.Release|x64.Build.0 = Release|Any CPU
		{12768DEC-913E-44A7-B40B-E94A9E42AD4A}.Release|x86.ActiveCfg = Release|Any CPU
		{12768DEC-913E-44A7-B40B-E94A9E42AD4A}.Release|x86.Build.0 = Release|Any CPU
		{942B2DC8-07A8-4E60-82BB-447026B8F17B}.Debug|Any CPU.ActiveCfg = Debug|Any CPU
		{942B2DC8-07A8-4E60-82BB-447026B8F17B}.Debug|Any CPU.Build.0 = Debug|Any CPU
		{942B2DC8-07A8-4E60-82BB-447026B8F17B}.Debug|x64.ActiveCfg = Debug|Any CPU
		{942B2DC8-07A8-4E60-82BB-447026B8F17B}.Debug|x64.Build.0 = Debug|Any CPU
		{942B2DC8-07A8-4E60-82BB-447026B8F17B}.Debug|x86.ActiveCfg = Debug|Any CPU
		{942B2DC8-07A8-4E60-82BB-447026B8F17B}.Debug|x86.Build.0 = Debug|Any CPU
		{942B2DC8-07A8-4E60-82BB-447026B8F17B}.Release|Any CPU.ActiveCfg = Release|Any CPU
		{942B2DC8-07A8-4E60-82BB-447026B8F17B}.Release|Any CPU.Build.0 = Release|Any CPU
		{942B2DC8-07A8-4E60-82BB-447026B8F17B}.Release|x64.ActiveCfg = Release|Any CPU
		{942B2DC8-07A8-4E60-82BB-447026B8F17B}.Release|x64.Build.0 = Release|Any CPU
		{942B2DC8-07A8-4E60-82BB-447026B8F17B}.Release|x86.ActiveCfg = Release|Any CPU
		{942B2DC8-07A8-4E60-82BB-447026B8F17B}.Release|x86.Build.0 = Release|Any CPU
		{7EE69F87-1437-4400-9307-A8B024FB3342}.Debug|Any CPU.ActiveCfg = Debug|Any CPU
		{7EE69F87-1437-4400-9307-A8B024FB3342}.Debug|Any CPU.Build.0 = Debug|Any CPU
		{7EE69F87-1437-4400-9307-A8B024FB3342}.Debug|x64.ActiveCfg = Debug|Any CPU
		{7EE69F87-1437-4400-9307-A8B024FB3342}.Debug|x64.Build.0 = Debug|Any CPU
		{7EE69F87-1437-4400-9307-A8B024FB3342}.Debug|x86.ActiveCfg = Debug|Any CPU
		{7EE69F87-1437-4400-9307-A8B024FB3342}.Debug|x86.Build.0 = Debug|Any CPU
		{7EE69F87-1437-4400-9307-A8B024FB3342}.Release|Any CPU.ActiveCfg = Release|Any CPU
		{7EE69F87-1437-4400-9307-A8B024FB3342}.Release|Any CPU.Build.0 = Release|Any CPU
		{7EE69F87-1437-4400-9307-A8B024FB3342}.Release|x64.ActiveCfg = Release|Any CPU
		{7EE69F87-1437-4400-9307-A8B024FB3342}.Release|x64.Build.0 = Release|Any CPU
		{7EE69F87-1437-4400-9307-A8B024FB3342}.Release|x86.ActiveCfg = Release|Any CPU
		{7EE69F87-1437-4400-9307-A8B024FB3342}.Release|x86.Build.0 = Release|Any CPU
		{448D2E8E-4BD2-42A3-834C-3EEF5069F7C4}.Debug|Any CPU.ActiveCfg = Debug|Any CPU
		{448D2E8E-4BD2-42A3-834C-3EEF5069F7C4}.Debug|Any CPU.Build.0 = Debug|Any CPU
		{448D2E8E-4BD2-42A3-834C-3EEF5069F7C4}.Debug|x64.ActiveCfg = Debug|Any CPU
		{448D2E8E-4BD2-42A3-834C-3EEF5069F7C4}.Debug|x64.Build.0 = Debug|Any CPU
		{448D2E8E-4BD2-42A3-834C-3EEF5069F7C4}.Debug|x86.ActiveCfg = Debug|Any CPU
		{448D2E8E-4BD2-42A3-834C-3EEF5069F7C4}.Debug|x86.Build.0 = Debug|Any CPU
		{448D2E8E-4BD2-42A3-834C-3EEF5069F7C4}.Release|Any CPU.ActiveCfg = Release|Any CPU
		{448D2E8E-4BD2-42A3-834C-3EEF5069F7C4}.Release|Any CPU.Build.0 = Release|Any CPU
		{448D2E8E-4BD2-42A3-834C-3EEF5069F7C4}.Release|x64.ActiveCfg = Release|Any CPU
		{448D2E8E-4BD2-42A3-834C-3EEF5069F7C4}.Release|x64.Build.0 = Release|Any CPU
		{448D2E8E-4BD2-42A3-834C-3EEF5069F7C4}.Release|x86.ActiveCfg = Release|Any CPU
		{448D2E8E-4BD2-42A3-834C-3EEF5069F7C4}.Release|x86.Build.0 = Release|Any CPU
		{4834E2DE-A4D7-40C0-A724-409D476150AD}.Debug|Any CPU.ActiveCfg = Debug|Any CPU
		{4834E2DE-A4D7-40C0-A724-409D476150AD}.Debug|Any CPU.Build.0 = Debug|Any CPU
		{4834E2DE-A4D7-40C0-A724-409D476150AD}.Debug|x64.ActiveCfg = Debug|Any CPU
		{4834E2DE-A4D7-40C0-A724-409D476150AD}.Debug|x64.Build.0 = Debug|Any CPU
		{4834E2DE-A4D7-40C0-A724-409D476150AD}.Debug|x86.ActiveCfg = Debug|Any CPU
		{4834E2DE-A4D7-40C0-A724-409D476150AD}.Debug|x86.Build.0 = Debug|Any CPU
		{4834E2DE-A4D7-40C0-A724-409D476150AD}.Release|Any CPU.ActiveCfg = Release|Any CPU
		{4834E2DE-A4D7-40C0-A724-409D476150AD}.Release|Any CPU.Build.0 = Release|Any CPU
		{4834E2DE-A4D7-40C0-A724-409D476150AD}.Release|x64.ActiveCfg = Release|Any CPU
		{4834E2DE-A4D7-40C0-A724-409D476150AD}.Release|x64.Build.0 = Release|Any CPU
		{4834E2DE-A4D7-40C0-A724-409D476150AD}.Release|x86.ActiveCfg = Release|Any CPU
		{4834E2DE-A4D7-40C0-A724-409D476150AD}.Release|x86.Build.0 = Release|Any CPU
		{5DEC64F9-EFC4-4F53-88BA-079AFC1B12EF}.Debug|Any CPU.ActiveCfg = Debug|Any CPU
		{5DEC64F9-EFC4-4F53-88BA-079AFC1B12EF}.Debug|Any CPU.Build.0 = Debug|Any CPU
		{5DEC64F9-EFC4-4F53-88BA-079AFC1B12EF}.Debug|x64.ActiveCfg = Debug|Any CPU
		{5DEC64F9-EFC4-4F53-88BA-079AFC1B12EF}.Debug|x64.Build.0 = Debug|Any CPU
		{5DEC64F9-EFC4-4F53-88BA-079AFC1B12EF}.Debug|x86.ActiveCfg = Debug|Any CPU
		{5DEC64F9-EFC4-4F53-88BA-079AFC1B12EF}.Debug|x86.Build.0 = Debug|Any CPU
		{5DEC64F9-EFC4-4F53-88BA-079AFC1B12EF}.Release|Any CPU.ActiveCfg = Release|Any CPU
		{5DEC64F9-EFC4-4F53-88BA-079AFC1B12EF}.Release|Any CPU.Build.0 = Release|Any CPU
		{5DEC64F9-EFC4-4F53-88BA-079AFC1B12EF}.Release|x64.ActiveCfg = Release|Any CPU
		{5DEC64F9-EFC4-4F53-88BA-079AFC1B12EF}.Release|x64.Build.0 = Release|Any CPU
		{5DEC64F9-EFC4-4F53-88BA-079AFC1B12EF}.Release|x86.ActiveCfg = Release|Any CPU
		{5DEC64F9-EFC4-4F53-88BA-079AFC1B12EF}.Release|x86.Build.0 = Release|Any CPU
		{4DF49678-69B1-45F1-8890-3502AFA9D8E6}.Debug|Any CPU.ActiveCfg = Debug|Any CPU
		{4DF49678-69B1-45F1-8890-3502AFA9D8E6}.Debug|Any CPU.Build.0 = Debug|Any CPU
		{4DF49678-69B1-45F1-8890-3502AFA9D8E6}.Debug|x64.ActiveCfg = Debug|Any CPU
		{4DF49678-69B1-45F1-8890-3502AFA9D8E6}.Debug|x64.Build.0 = Debug|Any CPU
		{4DF49678-69B1-45F1-8890-3502AFA9D8E6}.Debug|x86.ActiveCfg = Debug|Any CPU
		{4DF49678-69B1-45F1-8890-3502AFA9D8E6}.Debug|x86.Build.0 = Debug|Any CPU
		{4DF49678-69B1-45F1-8890-3502AFA9D8E6}.Release|Any CPU.ActiveCfg = Release|Any CPU
		{4DF49678-69B1-45F1-8890-3502AFA9D8E6}.Release|Any CPU.Build.0 = Release|Any CPU
		{4DF49678-69B1-45F1-8890-3502AFA9D8E6}.Release|x64.ActiveCfg = Release|Any CPU
		{4DF49678-69B1-45F1-8890-3502AFA9D8E6}.Release|x64.Build.0 = Release|Any CPU
		{4DF49678-69B1-45F1-8890-3502AFA9D8E6}.Release|x86.ActiveCfg = Release|Any CPU
		{4DF49678-69B1-45F1-8890-3502AFA9D8E6}.Release|x86.Build.0 = Release|Any CPU
		{815D881A-6D70-4C1C-B6FA-AAA37BCA2ABE}.Debug|Any CPU.ActiveCfg = Debug|Any CPU
		{815D881A-6D70-4C1C-B6FA-AAA37BCA2ABE}.Debug|Any CPU.Build.0 = Debug|Any CPU
		{815D881A-6D70-4C1C-B6FA-AAA37BCA2ABE}.Debug|x64.ActiveCfg = Debug|Any CPU
		{815D881A-6D70-4C1C-B6FA-AAA37BCA2ABE}.Debug|x64.Build.0 = Debug|Any CPU
		{815D881A-6D70-4C1C-B6FA-AAA37BCA2ABE}.Debug|x86.ActiveCfg = Debug|Any CPU
		{815D881A-6D70-4C1C-B6FA-AAA37BCA2ABE}.Debug|x86.Build.0 = Debug|Any CPU
		{815D881A-6D70-4C1C-B6FA-AAA37BCA2ABE}.Release|Any CPU.ActiveCfg = Release|Any CPU
		{815D881A-6D70-4C1C-B6FA-AAA37BCA2ABE}.Release|Any CPU.Build.0 = Release|Any CPU
		{815D881A-6D70-4C1C-B6FA-AAA37BCA2ABE}.Release|x64.ActiveCfg = Release|Any CPU
		{815D881A-6D70-4C1C-B6FA-AAA37BCA2ABE}.Release|x64.Build.0 = Release|Any CPU
		{815D881A-6D70-4C1C-B6FA-AAA37BCA2ABE}.Release|x86.ActiveCfg = Release|Any CPU
		{815D881A-6D70-4C1C-B6FA-AAA37BCA2ABE}.Release|x86.Build.0 = Release|Any CPU
		{31838CF7-532A-4897-B151-1D46115941A2}.Debug|Any CPU.ActiveCfg = Debug|Any CPU
		{31838CF7-532A-4897-B151-1D46115941A2}.Debug|Any CPU.Build.0 = Debug|Any CPU
		{31838CF7-532A-4897-B151-1D46115941A2}.Debug|x64.ActiveCfg = Debug|Any CPU
		{31838CF7-532A-4897-B151-1D46115941A2}.Debug|x64.Build.0 = Debug|Any CPU
		{31838CF7-532A-4897-B151-1D46115941A2}.Debug|x86.ActiveCfg = Debug|Any CPU
		{31838CF7-532A-4897-B151-1D46115941A2}.Debug|x86.Build.0 = Debug|Any CPU
		{31838CF7-532A-4897-B151-1D46115941A2}.Release|Any CPU.ActiveCfg = Release|Any CPU
		{31838CF7-532A-4897-B151-1D46115941A2}.Release|Any CPU.Build.0 = Release|Any CPU
		{31838CF7-532A-4897-B151-1D46115941A2}.Release|x64.ActiveCfg = Release|Any CPU
		{31838CF7-532A-4897-B151-1D46115941A2}.Release|x64.Build.0 = Release|Any CPU
		{31838CF7-532A-4897-B151-1D46115941A2}.Release|x86.ActiveCfg = Release|Any CPU
		{31838CF7-532A-4897-B151-1D46115941A2}.Release|x86.Build.0 = Release|Any CPU
		{BB36D7CB-3BB0-4624-98F4-DF03A15541A1}.Debug|Any CPU.ActiveCfg = Debug|Any CPU
		{BB36D7CB-3BB0-4624-98F4-DF03A15541A1}.Debug|Any CPU.Build.0 = Debug|Any CPU
		{BB36D7CB-3BB0-4624-98F4-DF03A15541A1}.Debug|x64.ActiveCfg = Debug|Any CPU
		{BB36D7CB-3BB0-4624-98F4-DF03A15541A1}.Debug|x64.Build.0 = Debug|Any CPU
		{BB36D7CB-3BB0-4624-98F4-DF03A15541A1}.Debug|x86.ActiveCfg = Debug|Any CPU
		{BB36D7CB-3BB0-4624-98F4-DF03A15541A1}.Debug|x86.Build.0 = Debug|Any CPU
		{BB36D7CB-3BB0-4624-98F4-DF03A15541A1}.Release|Any CPU.ActiveCfg = Release|Any CPU
		{BB36D7CB-3BB0-4624-98F4-DF03A15541A1}.Release|Any CPU.Build.0 = Release|Any CPU
		{BB36D7CB-3BB0-4624-98F4-DF03A15541A1}.Release|x64.ActiveCfg = Release|Any CPU
		{BB36D7CB-3BB0-4624-98F4-DF03A15541A1}.Release|x64.Build.0 = Release|Any CPU
		{BB36D7CB-3BB0-4624-98F4-DF03A15541A1}.Release|x86.ActiveCfg = Release|Any CPU
		{BB36D7CB-3BB0-4624-98F4-DF03A15541A1}.Release|x86.Build.0 = Release|Any CPU
	EndGlobalSection
	GlobalSection(SolutionProperties) = preSolution
		HideSolutionNode = FALSE
	EndGlobalSection
	GlobalSection(NestedProjects) = preSolution
		{FCA01246-F2C6-0AA7-D43F-FD13BE0B9D88} = {827E0CD3-B72D-47B6-A68D-7590B98EB39B}
		{C2C235BD-76EB-404F-B58A-73FEEC74E936} = {FCA01246-F2C6-0AA7-D43F-FD13BE0B9D88}
		{8D626EA8-CB54-BC41-363A-217881BEBA6E} = {827E0CD3-B72D-47B6-A68D-7590B98EB39B}
		{FC32C5FF-844A-4F20-BFA9-8E3AF26B2016} = {8D626EA8-CB54-BC41-363A-217881BEBA6E}
		{76695FDB-F102-44F9-B68E-FD01F48B6E1E} = {8D626EA8-CB54-BC41-363A-217881BEBA6E}
		{9048EB7F-3875-A59E-E36B-5BD4C6F2A282} = {827E0CD3-B72D-47B6-A68D-7590B98EB39B}
		{58135963-B44A-4A47-BF12-122BC62BE37D} = {9048EB7F-3875-A59E-E36B-5BD4C6F2A282}
		{6996BBF7-DB31-59BC-C7DD-9A7CCC6138C4} = {827E0CD3-B72D-47B6-A68D-7590B98EB39B}
		{12768DEC-913E-44A7-B40B-E94A9E42AD4A} = {6996BBF7-DB31-59BC-C7DD-9A7CCC6138C4}
		{90298CBA-BD6F-3A0A-69D5-97CAD7B05E7E} = {827E0CD3-B72D-47B6-A68D-7590B98EB39B}
		{942B2DC8-07A8-4E60-82BB-447026B8F17B} = {90298CBA-BD6F-3A0A-69D5-97CAD7B05E7E}
		{7EE69F87-1437-4400-9307-A8B024FB3342} = {90298CBA-BD6F-3A0A-69D5-97CAD7B05E7E}
		{448D2E8E-4BD2-42A3-834C-3EEF5069F7C4} = {90298CBA-BD6F-3A0A-69D5-97CAD7B05E7E}
		{4834E2DE-A4D7-40C0-A724-409D476150AD} = {90298CBA-BD6F-3A0A-69D5-97CAD7B05E7E}
		{5DEC64F9-EFC4-4F53-88BA-079AFC1B12EF} = {90298CBA-BD6F-3A0A-69D5-97CAD7B05E7E}
		{4DF49678-69B1-45F1-8890-3502AFA9D8E6} = {8D626EA8-CB54-BC41-363A-217881BEBA6E}
		{815D881A-6D70-4C1C-B6FA-AAA37BCA2ABE} = {8D626EA8-CB54-BC41-363A-217881BEBA6E}
		{31838CF7-532A-4897-B151-1D46115941A2} = {9048EB7F-3875-A59E-E36B-5BD4C6F2A282}
		{BB36D7CB-3BB0-4624-98F4-DF03A15541A1} = {6996BBF7-DB31-59BC-C7DD-9A7CCC6138C4}
	EndGlobalSection
EndGlobal
